
Microsoft Visual Studio Solution File, Format Version 10.00
# Visual Studio 2008
Project("{8BC9CEB8-8B4A-11D0-8D11-00A0C91BC942}") = "sqlite3", "sqlite3.vcproj", "{1D22C0D3-E670-46A5-937C-21B644246C49}"
EndProject
Project("{8BC9CEB8-8B4A-11D0-8D11-00A0C91BC942}") = "tables", "tables.vcproj", "{15EE0F49-FC76-4E85-ADE2-07094739F849}"
	ProjectSection(ProjectDependencies) = postProject
		{1D22C0D3-E670-46A5-937C-21B644246C49} = {1D22C0D3-E670-46A5-937C-21B644246C49}
	EndProjectSection
EndProject
Project("{8BC9CEB8-8B4A-11D0-8D11-00A0C91BC942}") = "holder", "holder.vcproj", "{A74D1047-3247-44E4-A50A-3144422EEDE6}"
	ProjectSection(ProjectDependencies) = postProject
		{1D22C0D3-E670-46A5-937C-21B644246C49} = {1D22C0D3-E670-46A5-937C-21B644246C49}
	EndProjectSection
EndProject
Project("{8BC9CEB8-8B4A-11D0-8D11-00A0C91BC942}") = "agar", "agar.vcproj", "{9F824F2D-550D-433C-B19F-1586513E325B}"
EndProject
Project("{8BC9CEB8-8B4A-11D0-8D11-00A0C91BC942}") = "sqlite3pp", "sqlite3pp.vcproj", "{4CE136BF-7360-4E54-8D89-8FDE2812BB94}"
EndProject
Global
	GlobalSection(SolutionConfigurationPlatforms) = preSolution
		Debug|Win32 = Debug|Win32
		Release|Win32 = Release|Win32
	EndGlobalSection
	GlobalSection(ProjectConfigurationPlatforms) = postSolution
		{1D22C0D3-E670-46A5-937C-21B644246C49}.Debug|Win32.ActiveCfg = Debug|Win32
		{1D22C0D3-E670-46A5-937C-21B644246C49}.Debug|Win32.Build.0 = Debug|Win32
		{1D22C0D3-E670-46A5-937C-21B644246C49}.Release|Win32.ActiveCfg = Release|Win32
		{1D22C0D3-E670-46A5-937C-21B644246C49}.Release|Win32.Build.0 = Release|Win32
		{15EE0F49-FC76-4E85-ADE2-07094739F849}.Debug|Win32.ActiveCfg = Debug|Win32
		{15EE0F49-FC76-4E85-ADE2-07094739F849}.Debug|Win32.Build.0 = Debug|Win32
		{15EE0F49-FC76-4E85-ADE2-07094739F849}.Release|Win32.ActiveCfg = Release|Win32
		{15EE0F49-FC76-4E85-ADE2-07094739F849}.Release|Win32.Build.0 = Release|Win32
		{A74D1047-3247-44E4-A50A-3144422EEDE6}.Debug|Win32.ActiveCfg = Debug|Win32
		{A74D1047-3247-44E4-A50A-3144422EEDE6}.Debug|Win32.Build.0 = Debug|Win32
		{A74D1047-3247-44E4-A50A-3144422EEDE6}.Release|Win32.ActiveCfg = Release|Win32
		{A74D1047-3247-44E4-A50A-3144422EEDE6}.Release|Win32.Build.0 = Release|Win32
		{9F824F2D-550D-433C-B19F-1586513E325B}.Debug|Win32.ActiveCfg = Debug|Win32
		{9F824F2D-550D-433C-B19F-1586513E325B}.Debug|Win32.Build.0 = Debug|Win32
		{9F824F2D-550D-433C-B19F-1586513E325B}.Release|Win32.ActiveCfg = Release|Win32
		{9F824F2D-550D-433C-B19F-1586513E325B}.Release|Win32.Build.0 = Release|Win32
		{4CE136BF-7360-4E54-8D89-8FDE2812BB94}.Debug|Win32.ActiveCfg = Debug|Win32
		{4CE136BF-7360-4E54-8D89-8FDE2812BB94}.Debug|Win32.Build.0 = Debug|Win32
		{4CE136BF-7360-4E54-8D89-8FDE2812BB94}.Release|Win32.ActiveCfg = Release|Win32
		{4CE136BF-7360-4E54-8D89-8FDE2812BB94}.Release|Win32.Build.0 = Release|Win32
	EndGlobalSection
	GlobalSection(SolutionProperties) = preSolution
		HideSolutionNode = FALSE
	EndGlobalSection
EndGlobal
