// !$*UTF8*$!
{
	archiveVersion = 1;
	classes = {
	};
	objectVersion = 44;
	objects = {

/* Begin PBXFileReference section */
		891765390E7B0103003E4E05 /* OxGeometry.h */ = {isa = PBXFileReference; fileEncoding = 4; lastKnownFileType = sourcecode.c.h; name = OxGeometry.h; path = source/OxGeometry.h; sourceTree = "<group>"; };
		8917653E0E7B010D003E4E05 /* OxGeometry.cpp */ = {isa = PBXFileReference; fileEncoding = 4; lastKnownFileType = sourcecode.cpp.cpp; name = OxGeometry.cpp; path = source/OxGeometry.cpp; sourceTree = "<group>"; };
		8990A3B30ECE9C860060F284 /* OxAlgorithm.h */ = {isa = PBXFileReference; fileEncoding = 4; lastKnownFileType = sourcecode.c.h; name = OxAlgorithm.h; path = source/OxAlgorithm.h; sourceTree = "<group>"; };
		8990A3B40ECE9C8F0060F284 /* OxAlgorithm.cpp */ = {isa = PBXFileReference; fileEncoding = 4; lastKnownFileType = sourcecode.cpp.cpp; name = OxAlgorithm.cpp; path = source/OxAlgorithm.cpp; sourceTree = "<group>"; };
/* End PBXFileReference section */

/* Begin PBXGroup section */
		08FB7794FE84155DC02AAC07 /* oxtorne */ = {
			isa = PBXGroup;
			children = (
				89FD098B0F61B1AC0031A0F6 /* Geometry */,
			);
			name = oxtorne;
			sourceTree = "<group>";
		};
		08FB7795FE84155DC02AAC07 /* Source */ = {
			isa = PBXGroup;
			children = (
				8990A3B40ECE9C8F0060F284 /* OxAlgorithm.cpp */,
				8917653E0E7B010D003E4E05 /* OxGeometry.cpp */,
			);
			name = Source;
			sourceTree = "<group>";
		};
		891B5F160DCD18C400B44E22 /* Header */ = {
			isa = PBXGroup;
			children = (
				8990A3B30ECE9C860060F284 /* OxAlgorithm.h */,
				891765390E7B0103003E4E05 /* OxGeometry.h */,
			);
			name = Header;
			sourceTree = "<group>";
		};
		89FD098B0F61B1AC0031A0F6 /* Geometry */ = {
			isa = PBXGroup;
			children = (
				891B5F160DCD18C400B44E22 /* Header */,
				08FB7795FE84155DC02AAC07 /* Source */,
			);
			name = Geometry;
			sourceTree = "<group>";
		};
/* End PBXGroup section */

/* Begin PBXProject section */
		08FB7793FE84155DC02AAC07 /* Project object */ = {
			isa = PBXProject;
			buildConfigurationList = 1DEB923508733DC60010E9CD /* Build configuration list for PBXProject "oxtorne" */;
			compatibilityVersion = "Xcode 3.0";
			hasScannedForEncodings = 1;
			mainGroup = 08FB7794FE84155DC02AAC07 /* oxtorne */;
			projectDirPath = "";
			projectRoot = "";
			targets = (
			);
		};
/* End PBXProject section */

/* Begin XCBuildConfiguration section */
		1DEB923608733DC60010E9CD /* Debug */ = {
			isa = XCBuildConfiguration;
			buildSettings = {
				GCC_WARN_ABOUT_RETURN_TYPE = YES;
				GCC_WARN_UNUSED_VARIABLE = YES;
				PREBINDING = NO;
				SDKROOT = "$(DEVELOPER_SDK_DIR)/MacOSX10.5.sdk";
			};
			name = Debug;
		};
		1DEB923708733DC60010E9CD /* Release */ = {
			isa = XCBuildConfiguration;
			buildSettings = {
				ARCHS = (
					ppc,
					i386,
				);
				GCC_WARN_ABOUT_RETURN_TYPE = YES;
				GCC_WARN_UNUSED_VARIABLE = YES;
				PREBINDING = NO;
				SDKROOT = "$(DEVELOPER_SDK_DIR)/MacOSX10.5.sdk";
			};
			name = Release;
		};
/* End XCBuildConfiguration section */

/* Begin XCConfigurationList section */
		1DEB923508733DC60010E9CD /* Build configuration list for PBXProject "oxtorne" */ = {
			isa = XCConfigurationList;
			buildConfigurations = (
				1DEB923608733DC60010E9CD /* Debug */,
				1DEB923708733DC60010E9CD /* Release */,
			);
			defaultConfigurationIsVisible = 0;
			defaultConfigurationName = Release;
		};
/* End XCConfigurationList section */
	};
	rootObject = 08FB7793FE84155DC02AAC07 /* Project object */;
}
