// !$*UTF8*$!
{
	archiveVersion = 1;
	classes = {
	};
	objectVersion = 44;
	objects = {

/* Begin PBXBuildFile section */
		897481040F74FE91008AF66A /* KulaGalaxy.cpp in Sources */ = {isa = PBXBuildFile; fileRef = 897481030F74FE91008AF66A /* KulaGalaxy.cpp */; };
		898F83400F6EE2BD00E6E11C /* Kula.cpp in Sources */ = {isa = PBXBuildFile; fileRef = 898F833F0F6EE2BD00E6E11C /* Kula.cpp */; };
		89D825A20F703956001C37D5 /* GLUT.framework in Frameworks */ = {isa = PBXBuildFile; fileRef = 89D825A00F703956001C37D5 /* GLUT.framework */; };
		89D825A30F703956001C37D5 /* OpenGL.framework in Frameworks */ = {isa = PBXBuildFile; fileRef = 89D825A10F703956001C37D5 /* OpenGL.framework */; };
/* End PBXBuildFile section */

/* Begin PBXFileReference section */
		897481020F74FE91008AF66A /* KulaGalaxy.h */ = {isa = PBXFileReference; fileEncoding = 4; lastKnownFileType = sourcecode.c.h; name = KulaGalaxy.h; path = source/kula/KulaGalaxy.h; sourceTree = "<group>"; };
		897481030F74FE91008AF66A /* KulaGalaxy.cpp */ = {isa = PBXFileReference; fileEncoding = 4; lastKnownFileType = sourcecode.cpp.cpp; name = KulaGalaxy.cpp; path = source/kula/KulaGalaxy.cpp; sourceTree = "<group>"; };
		898F82980F6EDCDC00E6E11C /* Kula.app */ = {isa = PBXFileReference; explicitFileType = wrapper.application; includeInIndex = 0; path = Kula.app; sourceTree = BUILT_PRODUCTS_DIR; };
		898F829A0F6EDCDC00E6E11C /* Kula.plist */ = {isa = PBXFileReference; lastKnownFileType = text.plist.xml; path = Kula.plist; sourceTree = "<group>"; };
		898F833F0F6EE2BD00E6E11C /* Kula.cpp */ = {isa = PBXFileReference; fileEncoding = 4; lastKnownFileType = sourcecode.cpp.cpp; name = Kula.cpp; path = source/kula/Kula.cpp; sourceTree = "<group>"; };
		89D825A00F703956001C37D5 /* GLUT.framework */ = {isa = PBXFileReference; lastKnownFileType = wrapper.framework; name = GLUT.framework; path = System/Library/Frameworks/GLUT.framework; sourceTree = SDKROOT; };
		89D825A10F703956001C37D5 /* OpenGL.framework */ = {isa = PBXFileReference; lastKnownFileType = wrapper.framework; name = OpenGL.framework; path = System/Library/Frameworks/OpenGL.framework; sourceTree = SDKROOT; };
		89F51B1D10B0695200C91544 /* OxAlgorithm.cpp */ = {isa = PBXFileReference; fileEncoding = 4; lastKnownFileType = sourcecode.cpp.cpp; name = OxAlgorithm.cpp; path = source/geometry/OxAlgorithm.cpp; sourceTree = "<group>"; };
		89F51B1E10B0695200C91544 /* OxAlgorithm.h */ = {isa = PBXFileReference; fileEncoding = 4; lastKnownFileType = sourcecode.c.h; name = OxAlgorithm.h; path = source/geometry/OxAlgorithm.h; sourceTree = "<group>"; };
		89F51B1F10B0695200C91544 /* OxConsole.h */ = {isa = PBXFileReference; fileEncoding = 4; lastKnownFileType = sourcecode.c.h; name = OxConsole.h; path = source/geometry/OxConsole.h; sourceTree = "<group>"; };
		89F51B2010B0695200C91544 /* OxGeometry.cpp */ = {isa = PBXFileReference; fileEncoding = 4; lastKnownFileType = sourcecode.cpp.cpp; name = OxGeometry.cpp; path = source/geometry/OxGeometry.cpp; sourceTree = "<group>"; };
		89F51B2110B0695200C91544 /* OxGeometry.h */ = {isa = PBXFileReference; fileEncoding = 4; lastKnownFileType = sourcecode.c.h; name = OxGeometry.h; path = source/geometry/OxGeometry.h; sourceTree = "<group>"; };
		89F51B2210B0695200C91544 /* OxGL.cpp */ = {isa = PBXFileReference; fileEncoding = 4; lastKnownFileType = sourcecode.cpp.cpp; name = OxGL.cpp; path = source/geometry/OxGL.cpp; sourceTree = "<group>"; };
		89F51B2310B0695200C91544 /* OxGL.h */ = {isa = PBXFileReference; fileEncoding = 4; lastKnownFileType = sourcecode.c.h; name = OxGL.h; path = source/geometry/OxGL.h; sourceTree = "<group>"; };
		89F51B2C10B069E000C91544 /* database.c */ = {isa = PBXFileReference; fileEncoding = 4; lastKnownFileType = sourcecode.c.c; name = database.c; path = source/osm/database.c; sourceTree = "<group>"; };
		89F51B2D10B069E000C91544 /* database.h */ = {isa = PBXFileReference; fileEncoding = 4; lastKnownFileType = sourcecode.c.h; name = database.h; path = source/osm/database.h; sourceTree = "<group>"; };
		89F51B2F10B069E000C91544 /* main.c */ = {isa = PBXFileReference; fileEncoding = 4; lastKnownFileType = sourcecode.c.c; path = main.c; sourceTree = "<group>"; };
		89F51B3010B069E000C91544 /* xosm.c */ = {isa = PBXFileReference; fileEncoding = 4; lastKnownFileType = sourcecode.c.c; path = xosm.c; sourceTree = "<group>"; };
		89F51B3110B069E000C91544 /* xosm.h */ = {isa = PBXFileReference; fileEncoding = 4; lastKnownFileType = sourcecode.c.h; path = xosm.h; sourceTree = "<group>"; };
/* End PBXFileReference section */

/* Begin PBXFrameworksBuildPhase section */
		898F82960F6EDCDC00E6E11C /* Frameworks */ = {
			isa = PBXFrameworksBuildPhase;
			buildActionMask = 2147483647;
			files = (
				89D825A20F703956001C37D5 /* GLUT.framework in Frameworks */,
				89D825A30F703956001C37D5 /* OpenGL.framework in Frameworks */,
			);
			runOnlyForDeploymentPostprocessing = 0;
		};
/* End PBXFrameworksBuildPhase section */

/* Begin PBXGroup section */
		08FB7794FE84155DC02AAC07 /* oxtorne */ = {
			isa = PBXGroup;
			children = (
				89F51AEC10B0686C00C91544 /* Frameworks */,
				89F51B1710B068A600C91544 /* Source */,
				89CF26470F6422A6003B7770 /* Products */,
				898F829A0F6EDCDC00E6E11C /* Kula.plist */,
			);
			name = oxtorne;
			sourceTree = "<group>";
		};
		898F828F0F6ED76300E6E11C /* Kula */ = {
			isa = PBXGroup;
			children = (
				897481020F74FE91008AF66A /* KulaGalaxy.h */,
				897481030F74FE91008AF66A /* KulaGalaxy.cpp */,
				898F833F0F6EE2BD00E6E11C /* Kula.cpp */,
			);
			name = Kula;
			sourceTree = "<group>";
		};
		89CF26470F6422A6003B7770 /* Products */ = {
			isa = PBXGroup;
			children = (
				898F82980F6EDCDC00E6E11C /* Kula.app */,
			);
			name = Products;
			sourceTree = "<group>";
		};
		89F51AEC10B0686C00C91544 /* Frameworks */ = {
			isa = PBXGroup;
			children = (
				89D825A00F703956001C37D5 /* GLUT.framework */,
				89D825A10F703956001C37D5 /* OpenGL.framework */,
			);
			name = Frameworks;
			sourceTree = "<group>";
		};
		89F51B1710B068A600C91544 /* Source */ = {
			isa = PBXGroup;
			children = (
				89F51B2810B069CE00C91544 /* Open Street Map */,
				89F51B2710B069BB00C91544 /* Oxtorne */,
			);
			name = Source;
			sourceTree = "<group>";
		};
		89F51B2710B069BB00C91544 /* Oxtorne */ = {
			isa = PBXGroup;
			children = (
				898F828F0F6ED76300E6E11C /* Kula */,
				89F51B1D10B0695200C91544 /* OxAlgorithm.cpp */,
				89F51B1E10B0695200C91544 /* OxAlgorithm.h */,
				89F51B1F10B0695200C91544 /* OxConsole.h */,
				89F51B2010B0695200C91544 /* OxGeometry.cpp */,
				89F51B2110B0695200C91544 /* OxGeometry.h */,
				89F51B2210B0695200C91544 /* OxGL.cpp */,
				89F51B2310B0695200C91544 /* OxGL.h */,
			);
			name = Oxtorne;
			sourceTree = "<group>";
		};
		89F51B2810B069CE00C91544 /* Open Street Map */ = {
			isa = PBXGroup;
			children = (
				89F51B2C10B069E000C91544 /* database.c */,
				89F51B2D10B069E000C91544 /* database.h */,
				89F51B2E10B069E000C91544 /* osm2db */,
			);
			name = "Open Street Map";
			sourceTree = "<group>";
		};
		89F51B2E10B069E000C91544 /* osm2db */ = {
			isa = PBXGroup;
			children = (
				89F51B2F10B069E000C91544 /* main.c */,
				89F51B3010B069E000C91544 /* xosm.c */,
				89F51B3110B069E000C91544 /* xosm.h */,
			);
			name = osm2db;
			path = source/osm/osm2db;
			sourceTree = "<group>";
		};
/* End PBXGroup section */

/* Begin PBXNativeTarget section */
		898F82970F6EDCDC00E6E11C /* Kula */ = {
			isa = PBXNativeTarget;
			buildConfigurationList = 898F829D0F6EDCDC00E6E11C /* Build configuration list for PBXNativeTarget "Kula" */;
			buildPhases = (
				898F82950F6EDCDC00E6E11C /* Sources */,
				898F82960F6EDCDC00E6E11C /* Frameworks */,
			);
			buildRules = (
			);
			dependencies = (
			);
			name = Kula;
			productName = Kula;
			productReference = 898F82980F6EDCDC00E6E11C /* Kula.app */;
			productType = "com.apple.product-type.application";
		};
/* End PBXNativeTarget section */

/* Begin PBXProject section */
		08FB7793FE84155DC02AAC07 /* Project object */ = {
			isa = PBXProject;
			buildConfigurationList = 1DEB923508733DC60010E9CD /* Build configuration list for PBXProject "oxtorne" */;
			compatibilityVersion = "Xcode 3.0";
			hasScannedForEncodings = 1;
			mainGroup = 08FB7794FE84155DC02AAC07 /* oxtorne */;
			productRefGroup = 89CF26470F6422A6003B7770 /* Products */;
			projectDirPath = "";
			projectRoot = "";
			targets = (
				898F82970F6EDCDC00E6E11C /* Kula */,
			);
		};
/* End PBXProject section */

/* Begin PBXSourcesBuildPhase section */
		898F82950F6EDCDC00E6E11C /* Sources */ = {
			isa = PBXSourcesBuildPhase;
			buildActionMask = 2147483647;
			files = (
				898F83400F6EE2BD00E6E11C /* Kula.cpp in Sources */,
				897481040F74FE91008AF66A /* KulaGalaxy.cpp in Sources */,
			);
			runOnlyForDeploymentPostprocessing = 0;
		};
/* End PBXSourcesBuildPhase section */

/* Begin XCBuildConfiguration section */
		1DEB923608733DC60010E9CD /* Debug */ = {
			isa = XCBuildConfiguration;
			buildSettings = {
				GCC_WARN_ABOUT_RETURN_TYPE = YES;
				GCC_WARN_UNUSED_VARIABLE = YES;
				PREBINDING = NO;
				SDKROOT = "$(DEVELOPER_SDK_DIR)/MacOSX10.5.sdk";
			};
			name = Debug;
		};
		1DEB923708733DC60010E9CD /* Release */ = {
			isa = XCBuildConfiguration;
			buildSettings = {
				ARCHS = (
					ppc,
					i386,
				);
				GCC_WARN_ABOUT_RETURN_TYPE = YES;
				GCC_WARN_UNUSED_VARIABLE = YES;
				PREBINDING = NO;
				SDKROOT = "$(DEVELOPER_SDK_DIR)/MacOSX10.5.sdk";
			};
			name = Release;
		};
		898F829B0F6EDCDC00E6E11C /* Debug */ = {
			isa = XCBuildConfiguration;
			buildSettings = {
				COPY_PHASE_STRIP = NO;
				GCC_DYNAMIC_NO_PIC = NO;
				GCC_ENABLE_FIX_AND_CONTINUE = YES;
				GCC_MODEL_TUNING = G5;
				GCC_OPTIMIZATION_LEVEL = 0;
				GCC_PRECOMPILE_PREFIX_HEADER = YES;
				GCC_PREFIX_HEADER = "";
				HEADER_SEARCH_PATHS = (
					./source/kula,
					./source,
				);
				INFOPLIST_FILE = Kula.plist;
				INSTALL_PATH = "$(HOME)/Applications";
				OTHER_LDFLAGS = "";
				PREBINDING = NO;
				PRODUCT_NAME = Kula;
				WRAPPER_EXTENSION = app;
				ZERO_LINK = YES;
			};
			name = Debug;
		};
		898F829C0F6EDCDC00E6E11C /* Release */ = {
			isa = XCBuildConfiguration;
			buildSettings = {
				COPY_PHASE_STRIP = YES;
				DEBUG_INFORMATION_FORMAT = "dwarf-with-dsym";
				GCC_ENABLE_FIX_AND_CONTINUE = NO;
				GCC_MODEL_TUNING = G5;
				GCC_PRECOMPILE_PREFIX_HEADER = YES;
				GCC_PREFIX_HEADER = "";
				HEADER_SEARCH_PATHS = (
					./source/kula,
					./source,
				);
				INFOPLIST_FILE = Kula.plist;
				INSTALL_PATH = "$(HOME)/Applications";
				OTHER_LDFLAGS = "";
				PREBINDING = NO;
				PRODUCT_NAME = Kula;
				WRAPPER_EXTENSION = app;
				ZERO_LINK = NO;
			};
			name = Release;
		};
/* End XCBuildConfiguration section */

/* Begin XCConfigurationList section */
		1DEB923508733DC60010E9CD /* Build configuration list for PBXProject "oxtorne" */ = {
			isa = XCConfigurationList;
			buildConfigurations = (
				1DEB923608733DC60010E9CD /* Debug */,
				1DEB923708733DC60010E9CD /* Release */,
			);
			defaultConfigurationIsVisible = 0;
			defaultConfigurationName = Release;
		};
		898F829D0F6EDCDC00E6E11C /* Build configuration list for PBXNativeTarget "Kula" */ = {
			isa = XCConfigurationList;
			buildConfigurations = (
				898F829B0F6EDCDC00E6E11C /* Debug */,
				898F829C0F6EDCDC00E6E11C /* Release */,
			);
			defaultConfigurationIsVisible = 0;
			defaultConfigurationName = Release;
		};
/* End XCConfigurationList section */
	};
	rootObject = 08FB7793FE84155DC02AAC07 /* Project object */;
}
